
Microsoft Visual Studio Solution File, Format Version 12.00
# Visual Studio Version 16
VisualStudioVersion = 16.0.30503.244
MinimumVisualStudioVersion = 10.0.40219.1
Project("{FAE04EC0-301F-11D3-BF4B-00C04F79EFBC}") = "SmoothService", "SmoothService.csproj", "{3B48CE13-8712-42E2-B239-4405D4A40202}"
EndProject
Global
	GlobalSection(SolutionConfigurationPlatforms) = preSolution
		Debug|Any CPU = Debug|Any CPU
		Release|Any CPU = Release|Any CPU
	EndGlobalSection
	GlobalSection(ProjectConfigurationPlatforms) = postSolution
		{3B48CE13-8712-42E2-B239-4405D4A40202}.Debug|Any CPU.ActiveCfg = Debug|Any CPU
		{3B48CE13-8712-42E2-B239-4405D4A40202}.Debug|Any CPU.Build.0 = Debug|Any CPU
		{3B48CE13-8712-42E2-B239-4405D4A40202}.Release|Any CPU.ActiveCfg = Release|Any CPU
		{3B48CE13-8712-42E2-B239-4405D4A40202}.Release|Any CPU.Build.0 = Release|Any CPU
	EndGlobalSection
	GlobalSection(SolutionProperties) = preSolution
		HideSolutionNode = FALSE
	EndGlobalSection
	GlobalSection(ExtensibilityGlobals) = postSolution
		SolutionGuid = {8F76493C-4D77-4E6D-8191-E84A6AB95672}
	EndGlobalSection
EndGlobal
